PODS:
  - MTCircularSlider (0.3.0)

DEPENDENCIES:
  - MTCircularSlider (from `../`)

EXTERNAL SOURCES:
  MTCircularSlider:
    :path: "../"

SPEC CHECKSUMS:
  MTCircularSlider: 0ae7b20c0295aa3fe6db31083a0a4dc295c503c3

PODFILE CHECKSUM: 5cac7dc6c261f21805f60fc9cacdfadbe09c27ae

COCOAPODS: 1.6.0.beta.1
